
Microsoft Visual Studio Solution File, Format Version 12.00
# Visual Studio Version 16
VisualStudioVersion = 16.0.29728.190
MinimumVisualStudioVersion = 15.0.26124.0
Project("{9A19103F-16F7-4668-BE54-9A1E7A4F7556}") = "LibraryContracts", "..\LibraryContracts\LibraryContracts.csproj", "{D947BE09-0461-42B3-82AD-FA9A033763C5}"
EndProject
Project("{9A19103F-16F7-4668-BE54-9A1E7A4F7556}") = "WpfApp", "WpfApp.csproj", "{20732713-3587-4995-B629-6A67CEDA37C0}"
	ProjectSection(ProjectDependencies) = postProject
		{D947BE09-0461-42B3-82AD-FA9A033763C5} = {D947BE09-0461-42B3-82AD-FA9A033763C5}
	EndProjectSection
EndProject
Global
	GlobalSection(SolutionConfigurationPlatforms) = preSolution
		Debug|Any CPU = Debug|Any CPU
		Debug|x64 = Debug|x64
		Debug|x86 = Debug|x86
		Release|Any CPU = Release|Any CPU
		Release|x64 = Release|x64
		Release|x86 = Release|x86
	EndGlobalSection
	GlobalSection(ProjectConfigurationPlatforms) = postSolution
		{D947BE09-0461-42B3-82AD-FA9A033763C5}.Debug|Any CPU.ActiveCfg = Debug|Any CPU
		{D947BE09-0461-42B3-82AD-FA9A033763C5}.Debug|Any CPU.Build.0 = Debug|Any CPU
		{D947BE09-0461-42B3-82AD-FA9A033763C5}.Debug|x64.ActiveCfg = Debug|Any CPU
		{D947BE09-0461-42B3-82AD-FA9A033763C5}.Debug|x64.Build.0 = Debug|Any CPU
		{D947BE09-0461-42B3-82AD-FA9A033763C5}.Debug|x86.ActiveCfg = Debug|Any CPU
		{D947BE09-0461-42B3-82AD-FA9A033763C5}.Debug|x86.Build.0 = Debug|Any CPU
		{D947BE09-0461-42B3-82AD-FA9A033763C5}.Release|Any CPU.ActiveCfg = Release|Any CPU
		{D947BE09-0461-42B3-82AD-FA9A033763C5}.Release|Any CPU.Build.0 = Release|Any CPU
		{D947BE09-0461-42B3-82AD-FA9A033763C5}.Release|x64.ActiveCfg = Release|Any CPU
		{D947BE09-0461-42B3-82AD-FA9A033763C5}.Release|x64.Build.0 = Release|Any CPU
		{D947BE09-0461-42B3-82AD-FA9A033763C5}.Release|x86.ActiveCfg = Release|Any CPU
		{D947BE09-0461-42B3-82AD-FA9A033763C5}.Release|x86.Build.0 = Release|Any CPU
		{20732713-3587-4995-B629-6A67CEDA37C0}.Debug|Any CPU.ActiveCfg = Debug|Any CPU
		{20732713-3587-4995-B629-6A67CEDA37C0}.Debug|Any CPU.Build.0 = Debug|Any CPU
		{20732713-3587-4995-B629-6A67CEDA37C0}.Debug|x64.ActiveCfg = Debug|Any CPU
		{20732713-3587-4995-B629-6A67CEDA37C0}.Debug|x64.Build.0 = Debug|Any CPU
		{20732713-3587-4995-B629-6A67CEDA37C0}.Debug|x86.ActiveCfg = Debug|Any CPU
		{20732713-3587-4995-B629-6A67CEDA37C0}.Debug|x86.Build.0 = Debug|Any CPU
		{20732713-3587-4995-B629-6A67CEDA37C0}.Release|Any CPU.ActiveCfg = Release|Any CPU
		{20732713-3587-4995-B629-6A67CEDA37C0}.Release|Any CPU.Build.0 = Release|Any CPU
		{20732713-3587-4995-B629-6A67CEDA37C0}.Release|x64.ActiveCfg = Release|Any CPU
		{20732713-3587-4995-B629-6A67CEDA37C0}.Release|x64.Build.0 = Release|Any CPU
		{20732713-3587-4995-B629-6A67CEDA37C0}.Release|x86.ActiveCfg = Release|Any CPU
		{20732713-3587-4995-B629-6A67CEDA37C0}.Release|x86.Build.0 = Release|Any CPU
	EndGlobalSection
	GlobalSection(SolutionProperties) = preSolution
		HideSolutionNode = FALSE
	EndGlobalSection
	GlobalSection(ExtensibilityGlobals) = postSolution
		SolutionGuid = {57889C4E-26B4-43A1-B4DE-39E2D717993F}
	EndGlobalSection
EndGlobal
