
Microsoft Visual Studio Solution File, Format Version 12.00
# Visual Studio Version 16
VisualStudioVersion = 16.0.29728.190
MinimumVisualStudioVersion = 10.0.40219.1
Project("{FAE04EC0-301F-11D3-BF4B-00C04F79EFBC}") = "LibraryContracts", "LibraryContracts.csproj", "{CA83E57B-BA0D-4D9B-83BC-383EF1180A01}"
EndProject
Global
	GlobalSection(SolutionConfigurationPlatforms) = preSolution
		Debug|Any CPU = Debug|Any CPU
		Release|Any CPU = Release|Any CPU
	EndGlobalSection
	GlobalSection(ProjectConfigurationPlatforms) = postSolution
		{CA83E57B-BA0D-4D9B-83BC-383EF1180A01}.Debug|Any CPU.ActiveCfg = Debug|Any CPU
		{CA83E57B-BA0D-4D9B-83BC-383EF1180A01}.Debug|Any CPU.Build.0 = Debug|Any CPU
		{CA83E57B-BA0D-4D9B-83BC-383EF1180A01}.Release|Any CPU.ActiveCfg = Release|Any CPU
		{CA83E57B-BA0D-4D9B-83BC-383EF1180A01}.Release|Any CPU.Build.0 = Release|Any CPU
	EndGlobalSection
	GlobalSection(SolutionProperties) = preSolution
		HideSolutionNode = FALSE
	EndGlobalSection
	GlobalSection(ExtensibilityGlobals) = postSolution
		SolutionGuid = {129A7729-49DA-4C12-BAB5-D4671F3FB2DE}
	EndGlobalSection
EndGlobal
