
Microsoft Visual Studio Solution File, Format Version 12.00
# Visual Studio Version 16
VisualStudioVersion = 16.0.29728.190
MinimumVisualStudioVersion = 15.0.26124.0
Project("{2150E333-8FDC-42A3-9474-1A3956D46DE8}") = "ImageRecognitionLibrary", "ImageRecognitionLibrary", "{F405A71A-E376-4B26-94E9-5B2AA171AA4F}"
EndProject
Project("{FAE04EC0-301F-11D3-BF4B-00C04F79EFBC}") = "ShowCase", "ImageRecognitionLibrary\ShowCase\ShowCase.csproj", "{DB8359F9-7B94-4D9C-BB16-2E33DB6DAFC7}"
EndProject
Project("{9A19103F-16F7-4668-BE54-9A1E7A4F7556}") = "WpfApp", "WpfApp\WpfApp.csproj", "{60D65BAB-B131-4BD0-85DE-FCCCFE5D6472}"
	ProjectSection(ProjectDependencies) = postProject
		{D947BE09-0461-42B3-82AD-FA9A033763C5} = {D947BE09-0461-42B3-82AD-FA9A033763C5}
	EndProjectSection
EndProject
Project("{9A19103F-16F7-4668-BE54-9A1E7A4F7556}") = "LibraryContracts", "..\LibraryContracts\LibraryContracts.csproj", "{D947BE09-0461-42B3-82AD-FA9A033763C5}"
EndProject
Global
	GlobalSection(SolutionConfigurationPlatforms) = preSolution
		Debug|Any CPU = Debug|Any CPU
		Debug|x64 = Debug|x64
		Debug|x86 = Debug|x86
		Release|Any CPU = Release|Any CPU
		Release|x64 = Release|x64
		Release|x86 = Release|x86
	EndGlobalSection
	GlobalSection(ProjectConfigurationPlatforms) = postSolution
		{DB8359F9-7B94-4D9C-BB16-2E33DB6DAFC7}.Debug|Any CPU.ActiveCfg = Debug|Any CPU
		{DB8359F9-7B94-4D9C-BB16-2E33DB6DAFC7}.Debug|Any CPU.Build.0 = Debug|Any CPU
		{DB8359F9-7B94-4D9C-BB16-2E33DB6DAFC7}.Debug|x64.ActiveCfg = Debug|Any CPU
		{DB8359F9-7B94-4D9C-BB16-2E33DB6DAFC7}.Debug|x64.Build.0 = Debug|Any CPU
		{DB8359F9-7B94-4D9C-BB16-2E33DB6DAFC7}.Debug|x86.ActiveCfg = Debug|Any CPU
		{DB8359F9-7B94-4D9C-BB16-2E33DB6DAFC7}.Debug|x86.Build.0 = Debug|Any CPU
		{DB8359F9-7B94-4D9C-BB16-2E33DB6DAFC7}.Release|Any CPU.ActiveCfg = Release|Any CPU
		{DB8359F9-7B94-4D9C-BB16-2E33DB6DAFC7}.Release|Any CPU.Build.0 = Release|Any CPU
		{DB8359F9-7B94-4D9C-BB16-2E33DB6DAFC7}.Release|x64.ActiveCfg = Release|Any CPU
		{DB8359F9-7B94-4D9C-BB16-2E33DB6DAFC7}.Release|x64.Build.0 = Release|Any CPU
		{DB8359F9-7B94-4D9C-BB16-2E33DB6DAFC7}.Release|x86.ActiveCfg = Release|Any CPU
		{DB8359F9-7B94-4D9C-BB16-2E33DB6DAFC7}.Release|x86.Build.0 = Release|Any CPU
		{60D65BAB-B131-4BD0-85DE-FCCCFE5D6472}.Debug|Any CPU.ActiveCfg = Debug|Any CPU
		{60D65BAB-B131-4BD0-85DE-FCCCFE5D6472}.Debug|Any CPU.Build.0 = Debug|Any CPU
		{60D65BAB-B131-4BD0-85DE-FCCCFE5D6472}.Debug|x64.ActiveCfg = Debug|Any CPU
		{60D65BAB-B131-4BD0-85DE-FCCCFE5D6472}.Debug|x64.Build.0 = Debug|Any CPU
		{60D65BAB-B131-4BD0-85DE-FCCCFE5D6472}.Debug|x86.ActiveCfg = Debug|Any CPU
		{60D65BAB-B131-4BD0-85DE-FCCCFE5D6472}.Debug|x86.Build.0 = Debug|Any CPU
		{60D65BAB-B131-4BD0-85DE-FCCCFE5D6472}.Release|Any CPU.ActiveCfg = Release|Any CPU
		{60D65BAB-B131-4BD0-85DE-FCCCFE5D6472}.Release|Any CPU.Build.0 = Release|Any CPU
		{60D65BAB-B131-4BD0-85DE-FCCCFE5D6472}.Release|x64.ActiveCfg = Release|Any CPU
		{60D65BAB-B131-4BD0-85DE-FCCCFE5D6472}.Release|x64.Build.0 = Release|Any CPU
		{60D65BAB-B131-4BD0-85DE-FCCCFE5D6472}.Release|x86.ActiveCfg = Release|Any CPU
		{60D65BAB-B131-4BD0-85DE-FCCCFE5D6472}.Release|x86.Build.0 = Release|Any CPU
		{D947BE09-0461-42B3-82AD-FA9A033763C5}.Debug|Any CPU.ActiveCfg = Debug|Any CPU
		{D947BE09-0461-42B3-82AD-FA9A033763C5}.Debug|Any CPU.Build.0 = Debug|Any CPU
		{D947BE09-0461-42B3-82AD-FA9A033763C5}.Debug|x64.ActiveCfg = Debug|Any CPU
		{D947BE09-0461-42B3-82AD-FA9A033763C5}.Debug|x64.Build.0 = Debug|Any CPU
		{D947BE09-0461-42B3-82AD-FA9A033763C5}.Debug|x86.ActiveCfg = Debug|Any CPU
		{D947BE09-0461-42B3-82AD-FA9A033763C5}.Debug|x86.Build.0 = Debug|Any CPU
		{D947BE09-0461-42B3-82AD-FA9A033763C5}.Release|Any CPU.ActiveCfg = Release|Any CPU
		{D947BE09-0461-42B3-82AD-FA9A033763C5}.Release|Any CPU.Build.0 = Release|Any CPU
		{D947BE09-0461-42B3-82AD-FA9A033763C5}.Release|x64.ActiveCfg = Release|Any CPU
		{D947BE09-0461-42B3-82AD-FA9A033763C5}.Release|x64.Build.0 = Release|Any CPU
		{D947BE09-0461-42B3-82AD-FA9A033763C5}.Release|x86.ActiveCfg = Release|Any CPU
		{D947BE09-0461-42B3-82AD-FA9A033763C5}.Release|x86.Build.0 = Release|Any CPU
	EndGlobalSection
	GlobalSection(SolutionProperties) = preSolution
		HideSolutionNode = FALSE
	EndGlobalSection
	GlobalSection(NestedProjects) = preSolution
		{DB8359F9-7B94-4D9C-BB16-2E33DB6DAFC7} = {F405A71A-E376-4B26-94E9-5B2AA171AA4F}
	EndGlobalSection
	GlobalSection(ExtensibilityGlobals) = postSolution
		SolutionGuid = {57889C4E-26B4-43A1-B4DE-39E2D717993F}
	EndGlobalSection
EndGlobal
